hash: f4916dbc108a60e01af777cd49b0d7d688107741c2180051a3df526d9e6b29a5
updated: 2016-03-06T17:34:41.377347239-05:00
imports:
- name: github.com/davecgh/go-spew
  version: 5215b55f46b2b919f50a1df0eaa5886afe4e3b3d
  subpackages:
  - spew
- name: github.com/gizak/termui
  version: 08a5d3f67b7d9ec87830ea39c48e570a1f18531f
- name: github.com/google/gopacket
  version: 8cdd14ca4735e61d81a55f62761fc2c082d41898
  subpackages:
  - pcap
  - layers
- name: github.com/juju/ratelimit
  version: 77ed1c8a01217656d2080ad51981f6e99adaa177
- name: github.com/mattn/go-runewidth
  version: d037b52ae5c0338c2bb18da01fb7ddf0e8be9aa1
- name: github.com/nsf/termbox-go
  version: 362329b0aa6447eadd52edd8d660ec1dff470295
- name: github.com/pmezard/go-difflib
  version: d8ed2627bdf02c080bf22230dbb337003b7aba2d
  subpackages:
  - difflib
- name: github.com/stretchr/objx
  version: cbeaeb16a013161a98496fad62933b1d21786672
- name: github.com/stretchr/testify
  version: 6fe211e493929a8aac0469b93f28b1d0688a9a3a
  subpackages:
  - assert
  - http
  - mock
- name: golang.org/x/net
  version: 08f168e593b5aab61849054b77981de812666697
  subpackages:
  - context
devImports: []
